
Microsoft Visual Studio Solution File, Format Version 12.00
# Visual Studio Version 17
VisualStudioVersion = 17.9.34622.214
MinimumVisualStudioVersion = 10.0.40219.1
Project("{FAE04EC0-301F-11D3-BF4B-00C04F79EFBC}") = "ProductsAPI", "ProductsAPI.csproj", "{946FDA7B-67D4-486C-87D3-7BD2EEF09726}"
EndProject
Global
	GlobalSection(SolutionConfigurationPlatforms) = preSolution
		Debug|Any CPU = Debug|Any CPU
		Release|Any CPU = Release|Any CPU
	EndGlobalSection
	GlobalSection(ProjectConfigurationPlatforms) = postSolution
		{946FDA7B-67D4-486C-87D3-7BD2EEF09726}.Debug|Any CPU.ActiveCfg = Debug|Any CPU
		{946FDA7B-67D4-486C-87D3-7BD2EEF09726}.Debug|Any CPU.Build.0 = Debug|Any CPU
		{946FDA7B-67D4-486C-87D3-7BD2EEF09726}.Release|Any CPU.ActiveCfg = Release|Any CPU
		{946FDA7B-67D4-486C-87D3-7BD2EEF09726}.Release|Any CPU.Build.0 = Release|Any CPU
	EndGlobalSection
	GlobalSection(SolutionProperties) = preSolution
		HideSolutionNode = FALSE
	EndGlobalSection
	GlobalSection(ExtensibilityGlobals) = postSolution
		SolutionGuid = {0C95DD06-9C4C-4C47-86C1-6DA04210D65F}
	EndGlobalSection
EndGlobal
